
Microsoft Visual Studio Solution File, Format Version 12.00
# Visual Studio Version 17
VisualStudioVersion = 17.5.33414.496
MinimumVisualStudioVersion = 10.0.40219.1
Project("{FAE04EC0-301F-11D3-BF4B-00C04F79EFBC}") = "w03", "w03\w03.csproj", "{BF355E6B-F843-40AF-9C17-77F91034266B}"
EndProject
Global
	GlobalSection(SolutionConfigurationPlatforms) = preSolution
		Debug|Any CPU = Debug|Any CPU
		Release|Any CPU = Release|Any CPU
	EndGlobalSection
	GlobalSection(ProjectConfigurationPlatforms) = postSolution
		{BF355E6B-F843-40AF-9C17-77F91034266B}.Debug|Any CPU.ActiveCfg = Debug|Any CPU
		{BF355E6B-F843-40AF-9C17-77F91034266B}.Debug|Any CPU.Build.0 = Debug|Any CPU
		{BF355E6B-F843-40AF-9C17-77F91034266B}.Release|Any CPU.ActiveCfg = Release|Any CPU
		{BF355E6B-F843-40AF-9C17-77F91034266B}.Release|Any CPU.Build.0 = Release|Any CPU
	EndGlobalSection
	GlobalSection(SolutionProperties) = preSolution
		HideSolutionNode = FALSE
	EndGlobalSection
	GlobalSection(ExtensibilityGlobals) = postSolution
		SolutionGuid = {8299A62E-1AA7-4A03-B687-9A03ACE5D565}
	EndGlobalSection
EndGlobal
